
Microsoft Visual Studio Solution File, Format Version 12.00
# Visual Studio Version 17
VisualStudioVersion = 17.5.33424.131
MinimumVisualStudioVersion = 10.0.40219.1
Project("{9A19103F-16F7-4668-BE54-9A1E7A4F7556}") = "LeaveManagementSystem.Web", "LeaveManagementSystem.Web\LeaveManagementSystem.Web.csproj", "{B4ABFF1C-C97A-4868-9F2A-F92935106964}"
EndProject
Project("{2150E333-8FDC-42A3-9474-1A3956D46DE8}") = "Solution Items", "Solution Items", "{6B76727B-A4B7-495B-A8C8-ABD4B0AF01CD}"
	ProjectSection(SolutionItems) = preProject
		.editorconfig = .editorconfig
	EndProjectSection
EndProject
Global
	GlobalSection(SolutionConfigurationPlatforms) = preSolution
		Debug|Any CPU = Debug|Any CPU
		Release|Any CPU = Release|Any CPU
	EndGlobalSection
	GlobalSection(ProjectConfigurationPlatforms) = postSolution
		{B4ABFF1C-C97A-4868-9F2A-F92935106964}.Debug|Any CPU.ActiveCfg = Debug|Any CPU
		{B4ABFF1C-C97A-4868-9F2A-F92935106964}.Debug|Any CPU.Build.0 = Debug|Any CPU
		{B4ABFF1C-C97A-4868-9F2A-F92935106964}.Release|Any CPU.ActiveCfg = Release|Any CPU
		{B4ABFF1C-C97A-4868-9F2A-F92935106964}.Release|Any CPU.Build.0 = Release|Any CPU
	EndGlobalSection
	GlobalSection(SolutionProperties) = preSolution
		HideSolutionNode = FALSE
	EndGlobalSection
	GlobalSection(ExtensibilityGlobals) = postSolution
		SolutionGuid = {9CA8F75C-0631-42E3-BDFE-A23580998083}
	EndGlobalSection
EndGlobal
